
Microsoft Visual Studio Solution File, Format Version 12.00
# Visual Studio 15
VisualStudioVersion = 15.0.26228.9
MinimumVisualStudioVersion = 10.0.40219.1
Project("{A07B5EB6-E848-4116-A8D0-A826331D98C6}") = "ServiceFabricTesting", "ServiceFabricTesting\ServiceFabricTesting.sfproj", "{3DAC4CE1-E32C-4722-A716-B18FF8612038}"
EndProject
Project("{FAE04EC0-301F-11D3-BF4B-00C04F79EFBC}") = "Stateful1", "Stateful1\Stateful1.csproj", "{E2B0B11D-0142-46FF-8D80-A5F1873AB7AE}"
EndProject
Project("{FAE04EC0-301F-11D3-BF4B-00C04F79EFBC}") = "Stateless1", "Stateless1\Stateless1.csproj", "{A6A5E307-6F92-4A37-BAE9-6A67F8B805A6}"
EndProject
Project("{FAE04EC0-301F-11D3-BF4B-00C04F79EFBC}") = "ClassLibrary", "ClassLibrary\ClassLibrary.csproj", "{DF80EEBA-1EEC-47EE-B96C-4D368BD4AB78}"
EndProject
Project("{FAE04EC0-301F-11D3-BF4B-00C04F79EFBC}") = "Stateless2", "Stateless2\Stateless2.csproj", "{3AF43C2D-1607-4107-B48C-29FF8C4EF08D}"
EndProject
Project("{FAE04EC0-301F-11D3-BF4B-00C04F79EFBC}") = "WebStateless3", "WebStateless3\WebStateless3.csproj", "{148FF097-558C-4C5B-8737-12F727640343}"
EndProject
Project("{9A19103F-16F7-4668-BE54-9A1E7A4F7556}") = "WebCoreStateless4", "WebCoreStateless4\WebCoreStateless4.csproj", "{FD6628F5-D548-4B47-BBDE-93C271287621}"
EndProject
Global
	GlobalSection(SolutionConfigurationPlatforms) = preSolution
		Debug|Any CPU = Debug|Any CPU
		Debug|x64 = Debug|x64
		Release|Any CPU = Release|Any CPU
		Release|x64 = Release|x64
	EndGlobalSection
	GlobalSection(ProjectConfigurationPlatforms) = postSolution
		{3DAC4CE1-E32C-4722-A716-B18FF8612038}.Debug|Any CPU.ActiveCfg = Debug|x64
		{3DAC4CE1-E32C-4722-A716-B18FF8612038}.Debug|x64.ActiveCfg = Debug|x64
		{3DAC4CE1-E32C-4722-A716-B18FF8612038}.Debug|x64.Build.0 = Debug|x64
		{3DAC4CE1-E32C-4722-A716-B18FF8612038}.Debug|x64.Deploy.0 = Debug|x64
		{3DAC4CE1-E32C-4722-A716-B18FF8612038}.Release|Any CPU.ActiveCfg = Release|x64
		{3DAC4CE1-E32C-4722-A716-B18FF8612038}.Release|x64.ActiveCfg = Release|x64
		{3DAC4CE1-E32C-4722-A716-B18FF8612038}.Release|x64.Build.0 = Release|x64
		{3DAC4CE1-E32C-4722-A716-B18FF8612038}.Release|x64.Deploy.0 = Release|x64
		{E2B0B11D-0142-46FF-8D80-A5F1873AB7AE}.Debug|Any CPU.ActiveCfg = Debug|x64
		{E2B0B11D-0142-46FF-8D80-A5F1873AB7AE}.Debug|x64.ActiveCfg = Debug|x64
		{E2B0B11D-0142-46FF-8D80-A5F1873AB7AE}.Debug|x64.Build.0 = Debug|x64
		{E2B0B11D-0142-46FF-8D80-A5F1873AB7AE}.Release|Any CPU.ActiveCfg = Release|x64
		{E2B0B11D-0142-46FF-8D80-A5F1873AB7AE}.Release|x64.ActiveCfg = Release|x64
		{E2B0B11D-0142-46FF-8D80-A5F1873AB7AE}.Release|x64.Build.0 = Release|x64
		{A6A5E307-6F92-4A37-BAE9-6A67F8B805A6}.Debug|Any CPU.ActiveCfg = Debug|x64
		{A6A5E307-6F92-4A37-BAE9-6A67F8B805A6}.Debug|x64.ActiveCfg = Debug|x64
		{A6A5E307-6F92-4A37-BAE9-6A67F8B805A6}.Debug|x64.Build.0 = Debug|x64
		{A6A5E307-6F92-4A37-BAE9-6A67F8B805A6}.Release|Any CPU.ActiveCfg = Release|x64
		{A6A5E307-6F92-4A37-BAE9-6A67F8B805A6}.Release|x64.ActiveCfg = Release|x64
		{A6A5E307-6F92-4A37-BAE9-6A67F8B805A6}.Release|x64.Build.0 = Release|x64
		{DF80EEBA-1EEC-47EE-B96C-4D368BD4AB78}.Debug|Any CPU.ActiveCfg = Debug|Any CPU
		{DF80EEBA-1EEC-47EE-B96C-4D368BD4AB78}.Debug|Any CPU.Build.0 = Debug|Any CPU
		{DF80EEBA-1EEC-47EE-B96C-4D368BD4AB78}.Debug|x64.ActiveCfg = Debug|Any CPU
		{DF80EEBA-1EEC-47EE-B96C-4D368BD4AB78}.Debug|x64.Build.0 = Debug|Any CPU
		{DF80EEBA-1EEC-47EE-B96C-4D368BD4AB78}.Release|Any CPU.ActiveCfg = Release|Any CPU
		{DF80EEBA-1EEC-47EE-B96C-4D368BD4AB78}.Release|Any CPU.Build.0 = Release|Any CPU
		{DF80EEBA-1EEC-47EE-B96C-4D368BD4AB78}.Release|x64.ActiveCfg = Release|Any CPU
		{DF80EEBA-1EEC-47EE-B96C-4D368BD4AB78}.Release|x64.Build.0 = Release|Any CPU
		{3AF43C2D-1607-4107-B48C-29FF8C4EF08D}.Debug|Any CPU.ActiveCfg = Debug|x64
		{3AF43C2D-1607-4107-B48C-29FF8C4EF08D}.Debug|x64.ActiveCfg = Debug|x64
		{3AF43C2D-1607-4107-B48C-29FF8C4EF08D}.Debug|x64.Build.0 = Debug|x64
		{3AF43C2D-1607-4107-B48C-29FF8C4EF08D}.Release|Any CPU.ActiveCfg = Release|x64
		{3AF43C2D-1607-4107-B48C-29FF8C4EF08D}.Release|x64.ActiveCfg = Release|x64
		{3AF43C2D-1607-4107-B48C-29FF8C4EF08D}.Release|x64.Build.0 = Release|x64
		{148FF097-558C-4C5B-8737-12F727640343}.Debug|Any CPU.ActiveCfg = Debug|x64
		{148FF097-558C-4C5B-8737-12F727640343}.Debug|x64.ActiveCfg = Debug|x64
		{148FF097-558C-4C5B-8737-12F727640343}.Debug|x64.Build.0 = Debug|x64
		{148FF097-558C-4C5B-8737-12F727640343}.Release|Any CPU.ActiveCfg = Release|x64
		{148FF097-558C-4C5B-8737-12F727640343}.Release|x64.ActiveCfg = Release|x64
		{148FF097-558C-4C5B-8737-12F727640343}.Release|x64.Build.0 = Release|x64
		{FD6628F5-D548-4B47-BBDE-93C271287621}.Debug|Any CPU.ActiveCfg = Debug|Any CPU
		{FD6628F5-D548-4B47-BBDE-93C271287621}.Debug|Any CPU.Build.0 = Debug|Any CPU
		{FD6628F5-D548-4B47-BBDE-93C271287621}.Debug|x64.ActiveCfg = Debug|Any CPU
		{FD6628F5-D548-4B47-BBDE-93C271287621}.Debug|x64.Build.0 = Debug|Any CPU
		{FD6628F5-D548-4B47-BBDE-93C271287621}.Release|Any CPU.ActiveCfg = Release|Any CPU
		{FD6628F5-D548-4B47-BBDE-93C271287621}.Release|Any CPU.Build.0 = Release|Any CPU
		{FD6628F5-D548-4B47-BBDE-93C271287621}.Release|x64.ActiveCfg = Release|Any CPU
		{FD6628F5-D548-4B47-BBDE-93C271287621}.Release|x64.Build.0 = Release|Any CPU
	EndGlobalSection
	GlobalSection(SolutionProperties) = preSolution
		HideSolutionNode = FALSE
	EndGlobalSection
EndGlobal
